
Microsoft Visual Studio Solution File, Format Version 12.00
# Visual Studio Version 17
VisualStudioVersion = 17.4.33213.308
MinimumVisualStudioVersion = 10.0.40219.1
Project("{8BC9CEB8-8B4A-11D0-8D11-00A0C91BC942}") = "SADXModLoader", "SADXModLoader\SADXModLoader.vcxproj", "{B537B54A-67A7-4CD8-9679-457E498E592F}"
	ProjectSection(ProjectDependencies) = postProject
		{EC0293F5-4BCF-46B2-8133-18CAEA141C5B} = {EC0293F5-4BCF-46B2-8133-18CAEA141C5B}
	EndProjectSection
EndProject
Project("{8BC9CEB8-8B4A-11D0-8D11-00A0C91BC942}") = "libmodutils", "libmodutils\libmodutils.vcxproj", "{90CF4AD9-6603-458F-8E3F-E99C0818E43D}"
EndProject
Project("{FAE04EC0-301F-11D3-BF4B-00C04F79EFBC}") = "SADXModManager", "SADXModManager\SADXModManager.csproj", "{427C6108-1DC7-4CAC-9C6A-43D710FCC42C}"
EndProject
Project("{8BC9CEB8-8B4A-11D0-8D11-00A0C91BC942}") = "ModLoaderCommon", "mod-loader-common\ModLoaderCommon\ModLoaderCommon.vcxproj", "{EC0293F5-4BCF-46B2-8133-18CAEA141C5B}"
EndProject
Project("{FAE04EC0-301F-11D3-BF4B-00C04F79EFBC}") = "ModManagerCommon", "mod-loader-common\ModManagerCommon\ModManagerCommon.csproj", "{4A480502-79B5-4E1E-8D67-16C514BB13CD}"
EndProject
Project("{FAE04EC0-301F-11D3-BF4B-00C04F79EFBC}") = "ModManagerWPF", "ModManagerWPF\ModManagerWPF.csproj", "{FF0EF90D-1AD8-4882-BA75-FBBB3EB222C6}"
EndProject
Global
	GlobalSection(SolutionConfigurationPlatforms) = preSolution
		Debug|Any CPU = Debug|Any CPU
		Debug|x86 = Debug|x86
		Release|Any CPU = Release|Any CPU
		Release|x86 = Release|x86
	EndGlobalSection
	GlobalSection(ProjectConfigurationPlatforms) = postSolution
		{B537B54A-67A7-4CD8-9679-457E498E592F}.Debug|Any CPU.ActiveCfg = Debug|Win32
		{B537B54A-67A7-4CD8-9679-457E498E592F}.Debug|Any CPU.Build.0 = Debug|Win32
		{B537B54A-67A7-4CD8-9679-457E498E592F}.Debug|x86.ActiveCfg = Debug|Win32
		{B537B54A-67A7-4CD8-9679-457E498E592F}.Debug|x86.Build.0 = Debug|Win32
		{B537B54A-67A7-4CD8-9679-457E498E592F}.Release|Any CPU.ActiveCfg = Release|Win32
		{B537B54A-67A7-4CD8-9679-457E498E592F}.Release|Any CPU.Build.0 = Release|Win32
		{B537B54A-67A7-4CD8-9679-457E498E592F}.Release|x86.ActiveCfg = Release|Win32
		{B537B54A-67A7-4CD8-9679-457E498E592F}.Release|x86.Build.0 = Release|Win32
		{90CF4AD9-6603-458F-8E3F-E99C0818E43D}.Debug|Any CPU.ActiveCfg = Debug|Win32
		{90CF4AD9-6603-458F-8E3F-E99C0818E43D}.Debug|Any CPU.Build.0 = Debug|Win32
		{90CF4AD9-6603-458F-8E3F-E99C0818E43D}.Debug|x86.ActiveCfg = Debug|Win32
		{90CF4AD9-6603-458F-8E3F-E99C0818E43D}.Debug|x86.Build.0 = Debug|Win32
		{90CF4AD9-6603-458F-8E3F-E99C0818E43D}.Release|Any CPU.ActiveCfg = Release|Win32
		{90CF4AD9-6603-458F-8E3F-E99C0818E43D}.Release|Any CPU.Build.0 = Release|Win32
		{90CF4AD9-6603-458F-8E3F-E99C0818E43D}.Release|x86.ActiveCfg = Release|Win32
		{90CF4AD9-6603-458F-8E3F-E99C0818E43D}.Release|x86.Build.0 = Release|Win32
		{427C6108-1DC7-4CAC-9C6A-43D710FCC42C}.Debug|Any CPU.ActiveCfg = Debug|x86
		{427C6108-1DC7-4CAC-9C6A-43D710FCC42C}.Debug|Any CPU.Build.0 = Debug|x86
		{427C6108-1DC7-4CAC-9C6A-43D710FCC42C}.Debug|x86.ActiveCfg = Debug|x86
		{427C6108-1DC7-4CAC-9C6A-43D710FCC42C}.Debug|x86.Build.0 = Debug|x86
		{427C6108-1DC7-4CAC-9C6A-43D710FCC42C}.Release|Any CPU.ActiveCfg = Release|x86
		{427C6108-1DC7-4CAC-9C6A-43D710FCC42C}.Release|Any CPU.Build.0 = Release|x86
		{427C6108-1DC7-4CAC-9C6A-43D710FCC42C}.Release|x86.ActiveCfg = Release|x86
		{427C6108-1DC7-4CAC-9C6A-43D710FCC42C}.Release|x86.Build.0 = Release|x86
		{EC0293F5-4BCF-46B2-8133-18CAEA141C5B}.Debug|Any CPU.ActiveCfg = Debug|Win32
		{EC0293F5-4BCF-46B2-8133-18CAEA141C5B}.Debug|Any CPU.Build.0 = Debug|Win32
		{EC0293F5-4BCF-46B2-8133-18CAEA141C5B}.Debug|x86.ActiveCfg = Debug|Win32
		{EC0293F5-4BCF-46B2-8133-18CAEA141C5B}.Debug|x86.Build.0 = Debug|Win32
		{EC0293F5-4BCF-46B2-8133-18CAEA141C5B}.Release|Any CPU.ActiveCfg = Release|Win32
		{EC0293F5-4BCF-46B2-8133-18CAEA141C5B}.Release|Any CPU.Build.0 = Release|Win32
		{EC0293F5-4BCF-46B2-8133-18CAEA141C5B}.Release|x86.ActiveCfg = Release|Win32
		{EC0293F5-4BCF-46B2-8133-18CAEA141C5B}.Release|x86.Build.0 = Release|Win32
		{4A480502-79B5-4E1E-8D67-16C514BB13CD}.Debug|Any CPU.ActiveCfg = Debug|Any CPU
		{4A480502-79B5-4E1E-8D67-16C514BB13CD}.Debug|Any CPU.Build.0 = Debug|Any CPU
		{4A480502-79B5-4E1E-8D67-16C514BB13CD}.Debug|x86.ActiveCfg = Debug|Any CPU
		{4A480502-79B5-4E1E-8D67-16C514BB13CD}.Debug|x86.Build.0 = Debug|Any CPU
		{4A480502-79B5-4E1E-8D67-16C514BB13CD}.Release|Any CPU.ActiveCfg = Release|Any CPU
		{4A480502-79B5-4E1E-8D67-16C514BB13CD}.Release|Any CPU.Build.0 = Release|Any CPU
		{4A480502-79B5-4E1E-8D67-16C514BB13CD}.Release|x86.ActiveCfg = Release|Any CPU
		{4A480502-79B5-4E1E-8D67-16C514BB13CD}.Release|x86.Build.0 = Release|Any CPU
		{FF0EF90D-1AD8-4882-BA75-FBBB3EB222C6}.Debug|Any CPU.ActiveCfg = Debug|Any CPU
		{FF0EF90D-1AD8-4882-BA75-FBBB3EB222C6}.Debug|Any CPU.Build.0 = Debug|Any CPU
		{FF0EF90D-1AD8-4882-BA75-FBBB3EB222C6}.Debug|x86.ActiveCfg = Debug|Any CPU
		{FF0EF90D-1AD8-4882-BA75-FBBB3EB222C6}.Debug|x86.Build.0 = Debug|Any CPU
		{FF0EF90D-1AD8-4882-BA75-FBBB3EB222C6}.Release|Any CPU.ActiveCfg = Release|Any CPU
		{FF0EF90D-1AD8-4882-BA75-FBBB3EB222C6}.Release|Any CPU.Build.0 = Release|Any CPU
		{FF0EF90D-1AD8-4882-BA75-FBBB3EB222C6}.Release|x86.ActiveCfg = Release|Any CPU
		{FF0EF90D-1AD8-4882-BA75-FBBB3EB222C6}.Release|x86.Build.0 = Release|Any CPU
	EndGlobalSection
	GlobalSection(SolutionProperties) = preSolution
		HideSolutionNode = FALSE
	EndGlobalSection
	GlobalSection(ExtensibilityGlobals) = postSolution
		SolutionGuid = {463403A3-8B1A-4984-AE81-55B84168C953}
	EndGlobalSection
EndGlobal
