<?xml version="1.0" encoding="utf-8"?>
<Project ToolsVersion="4.0" xmlns="http://schemas.microsoft.com/developer/msbuild/2003">
  <ItemGroup>
    <Filter Include="Source Files">
      <UniqueIdentifier>{4FC737F1-C7A5-4376-A066-2A32D752A2FF}</UniqueIdentifier>
      <Extensions>cpp;c;cc;cxx;def;odl;idl;hpj;bat;asm;asmx</Extensions>
    </Filter>
    <Filter Include="Header Files">
      <UniqueIdentifier>{93995380-89BD-4b04-88EB-625FBE52EBFB}</UniqueIdentifier>
      <Extensions>h;hh;hpp;hxx;hm;inl;inc;xsd</Extensions>
    </Filter>
    <Filter Include="Resource Files">
      <UniqueIdentifier>{67DA6AB6-F800-4c08-8B7A-83BB121AAD01}</UniqueIdentifier>
      <Extensions>rc;ico;cur;bmp;dlg;rc2;rct;bin;rgs;gif;jpg;jpeg;jpe;resx;tiff;tif;png;wav;mfcribbon-ms</Extensions>
    </Filter>
    <Filter Include="Header Files\include">
      <UniqueIdentifier>{a284e71f-d76d-4365-a8f7-4f7701515669}</UniqueIdentifier>
    </Filter>
  </ItemGroup>
  <ItemGroup>
    <ClCompile Include="TextureReplacement.cpp">
      <Filter>Source Files</Filter>
    </ClCompile>
    <ClCompile Include="dllmain.cpp">
      <Filter>Source Files</Filter>
    </ClCompile>
    <ClCompile Include="FileMap.cpp">
      <Filter>Source Files</Filter>
    </ClCompile>
    <ClCompile Include="MediaFns.cpp">
      <Filter>Source Files</Filter>
    </ClCompile>
    <ClCompile Include="stdafx.cpp">
      <Filter>Source Files</Filter>
    </ClCompile>
    <ClCompile Include="Events.cpp">
      <Filter>Source Files</Filter>
    </ClCompile>
    <ClCompile Include="FileReplacement.cpp">
      <Filter>Source Files</Filter>
    </ClCompile>
    <ClCompile Include="FixFOV.cpp">
      <Filter>Source Files</Filter>
    </ClCompile>
    <ClCompile Include="AutoMipmap.cpp">
      <Filter>Source Files</Filter>
    </ClCompile>
    <ClCompile Include="pvmx.cpp">
      <Filter>Source Files</Filter>
    </ClCompile>
    <ClCompile Include="UiScale.cpp">
      <Filter>Source Files</Filter>
    </ClCompile>
    <ClCompile Include="DLLData.cpp">
      <Filter>Source Files</Filter>
    </ClCompile>
    <ClCompile Include="EXEData.cpp">
      <Filter>Source Files</Filter>
    </ClCompile>
    <ClCompile Include="direct3d.cpp">
      <Filter>Source Files</Filter>
    </ClCompile>
    <ClCompile Include="prs.cpp">
      <Filter>Source Files</Filter>
    </ClCompile>
  </ItemGroup>
  <ItemGroup>
    <ClInclude Include="MediaFns.hpp">
      <Filter>Header Files</Filter>
    </ClInclude>
    <ClInclude Include="stdafx.h">
      <Filter>Header Files</Filter>
    </ClInclude>
    <ClInclude Include="TextureReplacement.h">
      <Filter>Header Files</Filter>
    </ClInclude>
    <ClInclude Include="FileMap.hpp">
      <Filter>Header Files</Filter>
    </ClInclude>
    <ClInclude Include="git.h">
      <Filter>Header Files</Filter>
    </ClInclude>
    <ClInclude Include="include\SADXModLoader.h">
      <Filter>Header Files\include</Filter>
    </ClInclude>
    <ClInclude Include="include\ninja.h">
      <Filter>Header Files\include</Filter>
    </ClInclude>
    <ClInclude Include="Events.h">
      <Filter>Header Files</Filter>
    </ClInclude>
    <ClInclude Include="FileReplacement.h">
      <Filter>Header Files</Filter>
    </ClInclude>
    <ClInclude Include="FixFOV.h">
      <Filter>Header Files</Filter>
    </ClInclude>
    <ClInclude Include="AutoMipmap.h">
      <Filter>Header Files</Filter>
    </ClInclude>
    <ClInclude Include="version.h">
      <Filter>Header Files</Filter>
    </ClInclude>
    <ClInclude Include="DDS.h">
      <Filter>Header Files</Filter>
    </ClInclude>
    <ClInclude Include="include\d3d8types.h">
      <Filter>Header Files\include</Filter>
    </ClInclude>
    <ClInclude Include="pvmx.h">
      <Filter>Header Files</Filter>
    </ClInclude>
    <ClInclude Include="include\SADXEnums.h">
      <Filter>Header Files\include</Filter>
    </ClInclude>
    <ClInclude Include="include\SADXFunctions.h">
      <Filter>Header Files\include</Filter>
    </ClInclude>
    <ClInclude Include="include\SADXStructs.h">
      <Filter>Header Files\include</Filter>
    </ClInclude>
    <ClInclude Include="include\SADXVariables.h">
      <Filter>Header Files\include</Filter>
    </ClInclude>
    <ClInclude Include="include\MemAccess.h">
      <Filter>Header Files\include</Filter>
    </ClInclude>
    <ClInclude Include="UiScale.h">
      <Filter>Header Files</Filter>
    </ClInclude>
    <ClInclude Include="include\SADXModInfo.h">
      <Filter>Header Files\include</Filter>
    </ClInclude>
    <ClInclude Include="DLLData.h">
      <Filter>Header Files</Filter>
    </ClInclude>
    <ClInclude Include="EXEData.h">
      <Filter>Header Files</Filter>
    </ClInclude>
    <ClInclude Include="direct3d.h">
      <Filter>Header Files</Filter>
    </ClInclude>
    <ClInclude Include="prs.h">
      <Filter>Header Files</Filter>
    </ClInclude>
  </ItemGroup>
  <ItemGroup>
    <ResourceCompile Include="SADXModLoader.rc">
      <Filter>Resource Files</Filter>
    </ResourceCompile>
  </ItemGroup>
</Project>